// !$*UTF8*$!
{
	archiveVersion = 1;
	classes = {
	};
	objectVersion = 46;
	objects = {

/* Begin PBXBuildFile section */
		872DF4101F297C510024768C /* main.m in Sources */ = {isa = PBXBuildFile; fileRef = 872DF40F1F297C510024768C /* main.m */; };
		872DF4131F297C510024768C /* AppDelegate.m in Sources */ = {isa = PBXBuildFile; fileRef = 872DF4121F297C510024768C /* AppDelegate.m */; };
		872DF4191F297C510024768C /* Main.storyboard in Resources */ = {isa = PBXBuildFile; fileRef = 872DF4171F297C510024768C /* Main.storyboard */; };
		872DF41B1F297C510024768C /* Assets.xcassets in Resources */ = {isa = PBXBuildFile; fileRef = 872DF41A1F297C510024768C /* Assets.xcassets */; };
		872DF41E1F297C510024768C /* LaunchScreen.storyboard in Resources */ = {isa = PBXBuildFile; fileRef = 872DF41C1F297C510024768C /* LaunchScreen.storyboard */; };
		872DF4291F297C510024768C /* FirstMVVMDemoTests.m in Sources */ = {isa = PBXBuildFile; fileRef = 872DF4281F297C510024768C /* FirstMVVMDemoTests.m */; };
		872DF4341F297C510024768C /* FirstMVVMDemoUITests.m in Sources */ = {isa = PBXBuildFile; fileRef = 872DF4331F297C510024768C /* FirstMVVMDemoUITests.m */; };
		872DF4441F297C910024768C /* ViewController.m in Sources */ = {isa = PBXBuildFile; fileRef = 872DF4431F297C910024768C /* ViewController.m */; };
		872DF4481F297E670024768C /* MainViewModel.m in Sources */ = {isa = PBXBuildFile; fileRef = 872DF4471F297E670024768C /* MainViewModel.m */; };
		872DF44C1F297E9E0024768C /* MainView.m in Sources */ = {isa = PBXBuildFile; fileRef = 872DF44B1F297E9E0024768C /* MainView.m */; };
		872DF4501F29BFC70024768C /* RowModel.m in Sources */ = {isa = PBXBuildFile; fileRef = 872DF44F1F29BFC70024768C /* RowModel.m */; };
		872DF4531F29BFD40024768C /* SectionModel.m in Sources */ = {isa = PBXBuildFile; fileRef = 872DF4521F29BFD40024768C /* SectionModel.m */; };
		87A90BDA1F2EC34600D07784 /* MainTableViewCell.m in Sources */ = {isa = PBXBuildFile; fileRef = 87A90BD91F2EC34600D07784 /* MainTableViewCell.m */; };
/* End PBXBuildFile section */

/* Begin PBXContainerItemProxy section */
		872DF4251F297C510024768C /* PBXContainerItemProxy */ = {
			isa = PBXContainerItemProxy;
			containerPortal = 872DF4031F297C500024768C /* Project object */;
			proxyType = 1;
			remoteGlobalIDString = 872DF40A1F297C510024768C;
			remoteInfo = FirstMVVMDemo;
		};
		872DF4301F297C510024768C /* PBXContainerItemProxy */ = {
			isa = PBXContainerItemProxy;
			containerPortal = 872DF4031F297C500024768C /* Project object */;
			proxyType = 1;
			remoteGlobalIDString = 872DF40A1F297C510024768C;
			remoteInfo = FirstMVVMDemo;
		};
/* End PBXContainerItemProxy section */

/* Begin PBXFileReference section */
		872DF40B1F297C510024768C /* FirstMVVMDemo.app */ = {isa = PBXFileReference; explicitFileType = wrapper.application; includeInIndex = 0; path = FirstMVVMDemo.app; sourceTree = BUILT_PRODUCTS_DIR; };
		872DF40F1F297C510024768C /* main.m */ = {isa = PBXFileReference; lastKnownFileType = sourcecode.c.objc; path = main.m; sourceTree = "<group>"; };
		872DF4111F297C510024768C /* AppDelegate.h */ = {isa = PBXFileReference; lastKnownFileType = sourcecode.c.h; path = AppDelegate.h; sourceTree = "<group>"; };
		872DF4121F297C510024768C /* AppDelegate.m */ = {isa = PBXFileReference; lastKnownFileType = sourcecode.c.objc; path = AppDelegate.m; sourceTree = "<group>"; };
		872DF4181F297C510024768C /* Base */ = {isa = PBXFileReference; lastKnownFileType = file.storyboard; name = Base; path = Base.lproj/Main.storyboard; sourceTree = "<group>"; };
		872DF41A1F297C510024768C /* Assets.xcassets */ = {isa = PBXFileReference; lastKnownFileType = folder.assetcatalog; path = Assets.xcassets; sourceTree = "<group>"; };
		872DF41D1F297C510024768C /* Base */ = {isa = PBXFileReference; lastKnownFileType = file.storyboard; name = Base; path = Base.lproj/LaunchScreen.storyboard; sourceTree = "<group>"; };
		872DF41F1F297C510024768C /* Info.plist */ = {isa = PBXFileReference; lastKnownFileType = text.plist.xml; path = Info.plist; sourceTree = "<group>"; };
		872DF4241F297C510024768C /* FirstMVVMDemoTests.xctest */ = {isa = PBXFileReference; explicitFileType = wrapper.cfbundle; includeInIndex = 0; path = FirstMVVMDemoTests.xctest; sourceTree = BUILT_PRODUCTS_DIR; };
		872DF4281F297C510024768C /* FirstMVVMDemoTests.m */ = {isa = PBXFileReference; lastKnownFileType = sourcecode.c.objc; path = FirstMVVMDemoTests.m; sourceTree = "<group>"; };
		872DF42A1F297C510024768C /* Info.plist */ = {isa = PBXFileReference; lastKnownFileType = text.plist.xml; path = Info.plist; sourceTree = "<group>"; };
		872DF42F1F297C510024768C /* FirstMVVMDemoUITests.xctest */ = {isa = PBXFileReference; explicitFileType = wrapper.cfbundle; includeInIndex = 0; path = FirstMVVMDemoUITests.xctest; sourceTree = BUILT_PRODUCTS_DIR; };
		872DF4331F297C510024768C /* FirstMVVMDemoUITests.m */ = {isa = PBXFileReference; lastKnownFileType = sourcecode.c.objc; path = FirstMVVMDemoUITests.m; sourceTree = "<group>"; };
		872DF4351F297C510024768C /* Info.plist */ = {isa = PBXFileReference; lastKnownFileType = text.plist.xml; path = Info.plist; sourceTree = "<group>"; };
		872DF4421F297C910024768C /* ViewController.h */ = {isa = PBXFileReference; fileEncoding = 4; lastKnownFileType = sourcecode.c.h; path = ViewController.h; sourceTree = "<group>"; };
		872DF4431F297C910024768C /* ViewController.m */ = {isa = PBXFileReference; fileEncoding = 4; lastKnownFileType = sourcecode.c.objc; path = ViewController.m; sourceTree = "<group>"; };
		872DF4461F297E670024768C /* MainViewModel.h */ = {isa = PBXFileReference; fileEncoding = 4; lastKnownFileType = sourcecode.c.h; path = MainViewModel.h; sourceTree = "<group>"; };
		872DF4471F297E670024768C /* MainViewModel.m */ = {isa = PBXFileReference; fileEncoding = 4; lastKnownFileType = sourcecode.c.objc; path = MainViewModel.m; sourceTree = "<group>"; };
		872DF44A1F297E9E0024768C /* MainView.h */ = {isa = PBXFileReference; fileEncoding = 4; lastKnownFileType = sourcecode.c.h; path = MainView.h; sourceTree = "<group>"; };
		872DF44B1F297E9E0024768C /* MainView.m */ = {isa = PBXFileReference; fileEncoding = 4; lastKnownFileType = sourcecode.c.objc; path = MainView.m; sourceTree = "<group>"; };
		872DF44E1F29BFC70024768C /* RowModel.h */ = {isa = PBXFileReference; fileEncoding = 4; lastKnownFileType = sourcecode.c.h; path = RowModel.h; sourceTree = "<group>"; };
		872DF44F1F29BFC70024768C /* RowModel.m */ = {isa = PBXFileReference; fileEncoding = 4; lastKnownFileType = sourcecode.c.objc; path = RowModel.m; sourceTree = "<group>"; };
		872DF4511F29BFD40024768C /* SectionModel.h */ = {isa = PBXFileReference; fileEncoding = 4; lastKnownFileType = sourcecode.c.h; path = SectionModel.h; sourceTree = "<group>"; };
		872DF4521F29BFD40024768C /* SectionModel.m */ = {isa = PBXFileReference; fileEncoding = 4; lastKnownFileType = sourcecode.c.objc; path = SectionModel.m; sourceTree = "<group>"; };
		87A90BD81F2EC34600D07784 /* MainTableViewCell.h */ = {isa = PBXFileReference; fileEncoding = 4; lastKnownFileType = sourcecode.c.h; path = MainTableViewCell.h; sourceTree = "<group>"; };
		87A90BD91F2EC34600D07784 /* MainTableViewCell.m */ = {isa = PBXFileReference; fileEncoding = 4; lastKnownFileType = sourcecode.c.objc; path = MainTableViewCell.m; sourceTree = "<group>"; };
/* End PBXFileReference section */

/* Begin PBXFrameworksBuildPhase section */
		872DF4081F297C510024768C /* Frameworks */ = {
			isa = PBXFrameworksBuildPhase;
			buildActionMask = 2147483647;
			files = (
			);
			runOnlyForDeploymentPostprocessing = 0;
		};
		872DF4211F297C510024768C /* Frameworks */ = {
			isa = PBXFrameworksBuildPhase;
			buildActionMask = 2147483647;
			files = (
			);
			runOnlyForDeploymentPostprocessing = 0;
		};
		872DF42C1F297C510024768C /* Frameworks */ = {
			isa = PBXFrameworksBuildPhase;
			buildActionMask = 2147483647;
			files = (
			);
			runOnlyForDeploymentPostprocessing = 0;
		};
/* End PBXFrameworksBuildPhase section */

/* Begin PBXGroup section */
		872DF4021F297C500024768C = {
			isa = PBXGroup;
			children = (
				872DF40D1F297C510024768C /* FirstMVVMDemo */,
				872DF4271F297C510024768C /* FirstMVVMDemoTests */,
				872DF4321F297C510024768C /* FirstMVVMDemoUITests */,
				872DF40C1F297C510024768C /* Products */,
			);
			sourceTree = "<group>";
		};
		872DF40C1F297C510024768C /* Products */ = {
			isa = PBXGroup;
			children = (
				872DF40B1F297C510024768C /* FirstMVVMDemo.app */,
				872DF4241F297C510024768C /* FirstMVVMDemoTests.xctest */,
				872DF42F1F297C510024768C /* FirstMVVMDemoUITests.xctest */,
			);
			name = Products;
			sourceTree = "<group>";
		};
		872DF40D1F297C510024768C /* FirstMVVMDemo */ = {
			isa = PBXGroup;
			children = (
				872DF44D1F29BFB40024768C /* Model */,
				872DF4491F297E8A0024768C /* View */,
				872DF4451F297E510024768C /* ViewModel */,
				872DF4411F297C910024768C /* ViewController */,
				872DF4111F297C510024768C /* AppDelegate.h */,
				872DF4121F297C510024768C /* AppDelegate.m */,
				872DF4171F297C510024768C /* Main.storyboard */,
				872DF41A1F297C510024768C /* Assets.xcassets */,
				872DF41C1F297C510024768C /* LaunchScreen.storyboard */,
				872DF41F1F297C510024768C /* Info.plist */,
				872DF40E1F297C510024768C /* Supporting Files */,
			);
			path = FirstMVVMDemo;
			sourceTree = "<group>";
		};
		872DF40E1F297C510024768C /* Supporting Files */ = {
			isa = PBXGroup;
			children = (
				872DF40F1F297C510024768C /* main.m */,
			);
			name = "Supporting Files";
			sourceTree = "<group>";
		};
		872DF4271F297C510024768C /* FirstMVVMDemoTests */ = {
			isa = PBXGroup;
			children = (
				872DF4281F297C510024768C /* FirstMVVMDemoTests.m */,
				872DF42A1F297C510024768C /* Info.plist */,
			);
			path = FirstMVVMDemoTests;
			sourceTree = "<group>";
		};
		872DF4321F297C510024768C /* FirstMVVMDemoUITests */ = {
			isa = PBXGroup;
			children = (
				872DF4331F297C510024768C /* FirstMVVMDemoUITests.m */,
				872DF4351F297C510024768C /* Info.plist */,
			);
			path = FirstMVVMDemoUITests;
			sourceTree = "<group>";
		};
		872DF4411F297C910024768C /* ViewController */ = {
			isa = PBXGroup;
			children = (
				872DF4421F297C910024768C /* ViewController.h */,
				872DF4431F297C910024768C /* ViewController.m */,
			);
			path = ViewController;
			sourceTree = "<group>";
		};
		872DF4451F297E510024768C /* ViewModel */ = {
			isa = PBXGroup;
			children = (
				872DF4461F297E670024768C /* MainViewModel.h */,
				872DF4471F297E670024768C /* MainViewModel.m */,
			);
			path = ViewModel;
			sourceTree = "<group>";
		};
		872DF4491F297E8A0024768C /* View */ = {
			isa = PBXGroup;
			children = (
				872DF44A1F297E9E0024768C /* MainView.h */,
				872DF44B1F297E9E0024768C /* MainView.m */,
				87A90BD81F2EC34600D07784 /* MainTableViewCell.h */,
				87A90BD91F2EC34600D07784 /* MainTableViewCell.m */,
			);
			path = View;
			sourceTree = "<group>";
		};
		872DF44D1F29BFB40024768C /* Model */ = {
			isa = PBXGroup;
			children = (
				872DF44E1F29BFC70024768C /* RowModel.h */,
				872DF44F1F29BFC70024768C /* RowModel.m */,
				872DF4511F29BFD40024768C /* SectionModel.h */,
				872DF4521F29BFD40024768C /* SectionModel.m */,
			);
			path = Model;
			sourceTree = "<group>";
		};
/* End PBXGroup section */

/* Begin PBXNativeTarget section */
		872DF40A1F297C510024768C /* FirstMVVMDemo */ = {
			isa = PBXNativeTarget;
			buildConfigurationList = 872DF4381F297C510024768C /* Build configuration list for PBXNativeTarget "FirstMVVMDemo" */;
			buildPhases = (
				872DF4071F297C510024768C /* Sources */,
				872DF4081F297C510024768C /* Frameworks */,
				872DF4091F297C510024768C /* Resources */,
			);
			buildRules = (
			);
			dependencies = (
			);
			name = FirstMVVMDemo;
			productName = FirstMVVMDemo;
			productReference = 872DF40B1F297C510024768C /* FirstMVVMDemo.app */;
			productType = "com.apple.product-type.application";
		};
		872DF4231F297C510024768C /* FirstMVVMDemoTests */ = {
			isa = PBXNativeTarget;
			buildConfigurationList = 872DF43B1F297C510024768C /* Build configuration list for PBXNativeTarget "FirstMVVMDemoTests" */;
			buildPhases = (
				872DF4201F297C510024768C /* Sources */,
				872DF4211F297C510024768C /* Frameworks */,
				872DF4221F297C510024768C /* Resources */,
			);
			buildRules = (
			);
			dependencies = (
				872DF4261F297C510024768C /* PBXTargetDependency */,
			);
			name = FirstMVVMDemoTests;
			productName = FirstMVVMDemoTests;
			productReference = 872DF4241F297C510024768C /* FirstMVVMDemoTests.xctest */;
			productType = "com.apple.product-type.bundle.unit-test";
		};
		872DF42E1F297C510024768C /* FirstMVVMDemoUITests */ = {
			isa = PBXNativeTarget;
			buildConfigurationList = 872DF43E1F297C510024768C /* Build configuration list for PBXNativeTarget "FirstMVVMDemoUITests" */;
			buildPhases = (
				872DF42B1F297C510024768C /* Sources */,
				872DF42C1F297C510024768C /* Frameworks */,
				872DF42D1F297C510024768C /* Resources */,
			);
			buildRules = (
			);
			dependencies = (
				872DF4311F297C510024768C /* PBXTargetDependency */,
			);
			name = FirstMVVMDemoUITests;
			productName = FirstMVVMDemoUITests;
			productReference = 872DF42F1F297C510024768C /* FirstMVVMDemoUITests.xctest */;
			productType = "com.apple.product-type.bundle.ui-testing";
		};
/* End PBXNativeTarget section */

/* Begin PBXProject section */
		872DF4031F297C500024768C /* Project object */ = {
			isa = PBXProject;
			attributes = {
				LastUpgradeCheck = 0830;
				ORGANIZATIONNAME = com.SmallCircle;
				TargetAttributes = {
					872DF40A1F297C510024768C = {
						CreatedOnToolsVersion = 8.3.3;
						DevelopmentTeam = 97L5D36XHE;
						ProvisioningStyle = Automatic;
					};
					872DF4231F297C510024768C = {
						CreatedOnToolsVersion = 8.3.3;
						DevelopmentTeam = 97L5D36XHE;
						ProvisioningStyle = Automatic;
						TestTargetID = 872DF40A1F297C510024768C;
					};
					872DF42E1F297C510024768C = {
						CreatedOnToolsVersion = 8.3.3;
						DevelopmentTeam = 97L5D36XHE;
						ProvisioningStyle = Automatic;
						TestTargetID = 872DF40A1F297C510024768C;
					};
				};
			};
			buildConfigurationList = 872DF4061F297C500024768C /* Build configuration list for PBXProject "FirstMVVMDemo" */;
			compatibilityVersion = "Xcode 3.2";
			developmentRegion = English;
			hasScannedForEncodings = 0;
			knownRegions = (
				en,
				Base,
			);
			mainGroup = 872DF4021F297C500024768C;
			productRefGroup = 872DF40C1F297C510024768C /* Products */;
			projectDirPath = "";
			projectRoot = "";
			targets = (
				872DF40A1F297C510024768C /* FirstMVVMDemo */,
				872DF4231F297C510024768C /* FirstMVVMDemoTests */,
				872DF42E1F297C510024768C /* FirstMVVMDemoUITests */,
			);
		};
/* End PBXProject section */

/* Begin PBXResourcesBuildPhase section */
		872DF4091F297C510024768C /* Resources */ = {
			isa = PBXResourcesBuildPhase;
			buildActionMask = 2147483647;
			files = (
				872DF41E1F297C510024768C /* LaunchScreen.storyboard in Resources */,
				872DF41B1F297C510024768C /* Assets.xcassets in Resources */,
				872DF4191F297C510024768C /* Main.storyboard in Resources */,
			);
			runOnlyForDeploymentPostprocessing = 0;
		};
		872DF4221F297C510024768C /* Resources */ = {
			isa = PBXResourcesBuildPhase;
			buildActionMask = 2147483647;
			files = (
			);
			runOnlyForDeploymentPostprocessing = 0;
		};
		872DF42D1F297C510024768C /* Resources */ = {
			isa = PBXResourcesBuildPhase;
			buildActionMask = 2147483647;
			files = (
			);
			runOnlyForDeploymentPostprocessing = 0;
		};
/* End PBXResourcesBuildPhase section */

/* Begin PBXSourcesBuildPhase section */
		872DF4071F297C510024768C /* Sources */ = {
			isa = PBXSourcesBuildPhase;
			buildActionMask = 2147483647;
			files = (
				872DF44C1F297E9E0024768C /* MainView.m in Sources */,
				872DF4131F297C510024768C /* AppDelegate.m in Sources */,
				872DF4501F29BFC70024768C /* RowModel.m in Sources */,
				872DF4441F297C910024768C /* ViewController.m in Sources */,
				872DF4531F29BFD40024768C /* SectionModel.m in Sources */,
				872DF4101F297C510024768C /* main.m in Sources */,
				87A90BDA1F2EC34600D07784 /* MainTableViewCell.m in Sources */,
				872DF4481F297E670024768C /* MainViewModel.m in Sources */,
			);
			runOnlyForDeploymentPostprocessing = 0;
		};
		872DF4201F297C510024768C /* Sources */ = {
			isa = PBXSourcesBuildPhase;
			buildActionMask = 2147483647;
			files = (
				872DF4291F297C510024768C /* FirstMVVMDemoTests.m in Sources */,
			);
			runOnlyForDeploymentPostprocessing = 0;
		};
		872DF42B1F297C510024768C /* Sources */ = {
			isa = PBXSourcesBuildPhase;
			buildActionMask = 2147483647;
			files = (
				872DF4341F297C510024768C /* FirstMVVMDemoUITests.m in Sources */,
			);
			runOnlyForDeploymentPostprocessing = 0;
		};
/* End PBXSourcesBuildPhase section */

/* Begin PBXTargetDependency section */
		872DF4261F297C510024768C /* PBXTargetDependency */ = {
			isa = PBXTargetDependency;
			target = 872DF40A1F297C510024768C /* FirstMVVMDemo */;
			targetProxy = 872DF4251F297C510024768C /* PBXContainerItemProxy */;
		};
		872DF4311F297C510024768C /* PBXTargetDependency */ = {
			isa = PBXTargetDependency;
			target = 872DF40A1F297C510024768C /* FirstMVVMDemo */;
			targetProxy = 872DF4301F297C510024768C /* PBXContainerItemProxy */;
		};
/* End PBXTargetDependency section */

/* Begin PBXVariantGroup section */
		872DF4171F297C510024768C /* Main.storyboard */ = {
			isa = PBXVariantGroup;
			children = (
				872DF4181F297C510024768C /* Base */,
			);
			name = Main.storyboard;
			sourceTree = "<group>";
		};
		872DF41C1F297C510024768C /* LaunchScreen.storyboard */ = {
			isa = PBXVariantGroup;
			children = (
				872DF41D1F297C510024768C /* Base */,
			);
			name = LaunchScreen.storyboard;
			sourceTree = "<group>";
		};
/* End PBXVariantGroup section */

/* Begin XCBuildConfiguration section */
		872DF4361F297C510024768C /* Debug */ = {
			isa = XCBuildConfiguration;
			buildSettings = {
				ALWAYS_SEARCH_USER_PATHS = NO;
				CLANG_ANALYZER_NONNULL = YES;
				CLANG_ANALYZER_NUMBER_OBJECT_CONVERSION = YES_AGGRESSIVE;
				CLANG_CXX_LANGUAGE_STANDARD = "gnu++0x";
				CLANG_CXX_LIBRARY = "libc++";
				CLANG_ENABLE_MODULES = YES;
				CLANG_ENABLE_OBJC_ARC = YES;
				CLANG_WARN_BOOL_CONVERSION = YES;
				CLANG_WARN_CONSTANT_CONVERSION = YES;
				CLANG_WARN_DIRECT_OBJC_ISA_USAGE = YES_ERROR;
				CLANG_WARN_DOCUMENTATION_COMMENTS = YES;
				CLANG_WARN_EMPTY_BODY = YES;
				CLANG_WARN_ENUM_CONVERSION = YES;
				CLANG_WARN_INFINITE_RECURSION = YES;
				CLANG_WARN_INT_CONVERSION = YES;
				CLANG_WARN_OBJC_ROOT_CLASS = YES_ERROR;
				CLANG_WARN_SUSPICIOUS_MOVE = YES;
				CLANG_WARN_UNREACHABLE_CODE = YES;
				CLANG_WARN__DUPLICATE_METHOD_MATCH = YES;
				"CODE_SIGN_IDENTITY[sdk=iphoneos*]" = "iPhone Developer";
				COPY_PHASE_STRIP = NO;
				DEBUG_INFORMATION_FORMAT = dwarf;
				ENABLE_STRICT_OBJC_MSGSEND = YES;
				ENABLE_TESTABILITY = YES;
				GCC_C_LANGUAGE_STANDARD = gnu99;
				GCC_DYNAMIC_NO_PIC = NO;
				GCC_NO_COMMON_BLOCKS = YES;
				GCC_OPTIMIZATION_LEVEL = 0;
				GCC_PREPROCESSOR_DEFINITIONS = (
					"DEBUG=1",
					"$(inherited)",
				);
				GCC_WARN_64_TO_32_BIT_CONVERSION = YES;
				GCC_WARN_ABOUT_RETURN_TYPE = YES_ERROR;
				GCC_WARN_UNDECLARED_SELECTOR = YES;
				GCC_WARN_UNINITIALIZED_AUTOS = YES_AGGRESSIVE;
				GCC_WARN_UNUSED_FUNCTION = YES;
				GCC_WARN_UNUSED_VARIABLE = YES;
				IPHONEOS_DEPLOYMENT_TARGET = 10.3;
				MTL_ENABLE_DEBUG_INFO = YES;
				ONLY_ACTIVE_ARCH = YES;
				SDKROOT = iphoneos;
				TARGETED_DEVICE_FAMILY = "1,2";
			};
			name = Debug;
		};
		872DF4371F297C510024768C /* Release */ = {
			isa = XCBuildConfiguration;
			buildSettings = {
				ALWAYS_SEARCH_USER_PATHS = NO;
				CLANG_ANALYZER_NONNULL = YES;
				CLANG_ANALYZER_NUMBER_OBJECT_CONVERSION = YES_AGGRESSIVE;
				CLANG_CXX_LANGUAGE_STANDARD = "gnu++0x";
				CLANG_CXX_LIBRARY = "libc++";
				CLANG_ENABLE_MODULES = YES;
				CLANG_ENABLE_OBJC_ARC = YES;
				CLANG_WARN_BOOL_CONVERSION = YES;
				CLANG_WARN_CONSTANT_CONVERSION = YES;
				CLANG_WARN_DIRECT_OBJC_ISA_USAGE = YES_ERROR;
				CLANG_WARN_DOCUMENTATION_COMMENTS = YES;
				CLANG_WARN_EMPTY_BODY = YES;
				CLANG_WARN_ENUM_CONVERSION = YES;
				CLANG_WARN_INFINITE_RECURSION = YES;
				CLANG_WARN_INT_CONVERSION = YES;
				CLANG_WARN_OBJC_ROOT_CLASS = YES_ERROR;
				CLANG_WARN_SUSPICIOUS_MOVE = YES;
				CLANG_WARN_UNREACHABLE_CODE = YES;
				CLANG_WARN__DUPLICATE_METHOD_MATCH = YES;
				"CODE_SIGN_IDENTITY[sdk=iphoneos*]" = "iPhone Developer";
				COPY_PHASE_STRIP = NO;
				DEBUG_INFORMATION_FORMAT = "dwarf-with-dsym";
				ENABLE_NS_ASSERTIONS = NO;
				ENABLE_STRICT_OBJC_MSGSEND = YES;
				GCC_C_LANGUAGE_STANDARD = gnu99;
				GCC_NO_COMMON_BLOCKS = YES;
				GCC_WARN_64_TO_32_BIT_CONVERSION = YES;
				GCC_WARN_ABOUT_RETURN_TYPE = YES_ERROR;
				GCC_WARN_UNDECLARED_SELECTOR = YES;
				GCC_WARN_UNINITIALIZED_AUTOS = YES_AGGRESSIVE;
				GCC_WARN_UNUSED_FUNCTION = YES;
				GCC_WARN_UNUSED_VARIABLE = YES;
				IPHONEOS_DEPLOYMENT_TARGET = 10.3;
				MTL_ENABLE_DEBUG_INFO = NO;
				SDKROOT = iphoneos;
				TARGETED_DEVICE_FAMILY = "1,2";
				VALIDATE_PRODUCT = YES;
			};
			name = Release;
		};
		872DF4391F297C510024768C /* Debug */ = {
			isa = XCBuildConfiguration;
			buildSettings = {
				ASSETCATALOG_COMPILER_APPICON_NAME = AppIcon;
				DEVELOPMENT_TEAM = 97L5D36XHE;
				INFOPLIST_FILE = FirstMVVMDemo/Info.plist;
				LD_RUNPATH_SEARCH_PATHS = "$(inherited) @executable_path/Frameworks";
				PRODUCT_BUNDLE_IDENTIFIER = com.SmallCircle.FirstMVVMDemo;
				PRODUCT_NAME = "$(TARGET_NAME)";
			};
			name = Debug;
		};
		872DF43A1F297C510024768C /* Release */ = {
			isa = XCBuildConfiguration;
			buildSettings = {
				ASSETCATALOG_COMPILER_APPICON_NAME = AppIcon;
				DEVELOPMENT_TEAM = 97L5D36XHE;
				INFOPLIST_FILE = FirstMVVMDemo/Info.plist;
				LD_RUNPATH_SEARCH_PATHS = "$(inherited) @executable_path/Frameworks";
				PRODUCT_BUNDLE_IDENTIFIER = com.SmallCircle.FirstMVVMDemo;
				PRODUCT_NAME = "$(TARGET_NAME)";
			};
			name = Release;
		};
		872DF43C1F297C510024768C /* Debug */ = {
			isa = XCBuildConfiguration;
			buildSettings = {
				BUNDLE_LOADER = "$(TEST_HOST)";
				DEVELOPMENT_TEAM = 97L5D36XHE;
				INFOPLIST_FILE = FirstMVVMDemoTests/Info.plist;
				LD_RUNPATH_SEARCH_PATHS = "$(inherited) @executable_path/Frameworks @loader_path/Frameworks";
				PRODUCT_BUNDLE_IDENTIFIER = com.SmallCircle.FirstMVVMDemoTests;
				PRODUCT_NAME = "$(TARGET_NAME)";
				TEST_HOST = "$(BUILT_PRODUCTS_DIR)/FirstMVVMDemo.app/FirstMVVMDemo";
			};
			name = Debug;
		};
		872DF43D1F297C510024768C /* Release */ = {
			isa = XCBuildConfiguration;
			buildSettings = {
				BUNDLE_LOADER = "$(TEST_HOST)";
				DEVELOPMENT_TEAM = 97L5D36XHE;
				INFOPLIST_FILE = FirstMVVMDemoTests/Info.plist;
				LD_RUNPATH_SEARCH_PATHS = "$(inherited) @executable_path/Frameworks @loader_path/Frameworks";
				PRODUCT_BUNDLE_IDENTIFIER = com.SmallCircle.FirstMVVMDemoTests;
				PRODUCT_NAME = "$(TARGET_NAME)";
				TEST_HOST = "$(BUILT_PRODUCTS_DIR)/FirstMVVMDemo.app/FirstMVVMDemo";
			};
			name = Release;
		};
		872DF43F1F297C510024768C /* Debug */ = {
			isa = XCBuildConfiguration;
			buildSettings = {
				DEVELOPMENT_TEAM = 97L5D36XHE;
				INFOPLIST_FILE = FirstMVVMDemoUITests/Info.plist;
				LD_RUNPATH_SEARCH_PATHS = "$(inherited) @executable_path/Frameworks @loader_path/Frameworks";
				PRODUCT_BUNDLE_IDENTIFIER = com.SmallCircle.FirstMVVMDemoUITests;
				PRODUCT_NAME = "$(TARGET_NAME)";
				TEST_TARGET_NAME = FirstMVVMDemo;
			};
			name = Debug;
		};
		872DF4401F297C510024768C /* Release */ = {
			isa = XCBuildConfiguration;
			buildSettings = {
				DEVELOPMENT_TEAM = 97L5D36XHE;
				INFOPLIST_FILE = FirstMVVMDemoUITests/Info.plist;
				LD_RUNPATH_SEARCH_PATHS = "$(inherited) @executable_path/Frameworks @loader_path/Frameworks";
				PRODUCT_BUNDLE_IDENTIFIER = com.SmallCircle.FirstMVVMDemoUITests;
				PRODUCT_NAME = "$(TARGET_NAME)";
				TEST_TARGET_NAME = FirstMVVMDemo;
			};
			name = Release;
		};
/* End XCBuildConfiguration section */

/* Begin XCConfigurationList section */
		872DF4061F297C500024768C /* Build configuration list for PBXProject "FirstMVVMDemo" */ = {
			isa = XCConfigurationList;
			buildConfigurations = (
				872DF4361F297C510024768C /* Debug */,
				872DF4371F297C510024768C /* Release */,
			);
			defaultConfigurationIsVisible = 0;
			defaultConfigurationName = Release;
		};
		872DF4381F297C510024768C /* Build configuration list for PBXNativeTarget "FirstMVVMDemo" */ = {
			isa = XCConfigurationList;
			buildConfigurations = (
				872DF4391F297C510024768C /* Debug */,
				872DF43A1F297C510024768C /* Release */,
			);
			defaultConfigurationIsVisible = 0;
			defaultConfigurationName = Release;
		};
		872DF43B1F297C510024768C /* Build configuration list for PBXNativeTarget "FirstMVVMDemoTests" */ = {
			isa = XCConfigurationList;
			buildConfigurations = (
				872DF43C1F297C510024768C /* Debug */,
				872DF43D1F297C510024768C /* Release */,
			);
			defaultConfigurationIsVisible = 0;
			defaultConfigurationName = Release;
		};
		872DF43E1F297C510024768C /* Build configuration list for PBXNativeTarget "FirstMVVMDemoUITests" */ = {
			isa = XCConfigurationList;
			buildConfigurations = (
				872DF43F1F297C510024768C /* Debug */,
				872DF4401F297C510024768C /* Release */,
			);
			defaultConfigurationIsVisible = 0;
			defaultConfigurationName = Release;
		};
/* End XCConfigurationList section */
	};
	rootObject = 872DF4031F297C500024768C /* Project object */;
}
